// !$*UTF8*$!
{
	archiveVersion = 1;
	classes = {
	};
	objectVersion = 46;
	objects = {

/* Begin PBXBuildFile section */
		30E685A81B41FA32003231E4 /* AppDelegate.swift in Sources */ = {isa = PBXBuildFile; fileRef = 30E685A71B41FA32003231E4 /* AppDelegate.swift */; };
		30E685AA1B41FA32003231E4 /* ViewController.swift in Sources */ = {isa = PBXBuildFile; fileRef = 30E685A91B41FA32003231E4 /* ViewController.swift */; };
		30E685AD1B41FA32003231E4 /* Main.storyboard in Resources */ = {isa = PBXBuildFile; fileRef = 30E685AB1B41FA32003231E4 /* Main.storyboard */; };
		30E685AF1B41FA32003231E4 /* Images.xcassets in Resources */ = {isa = PBXBuildFile; fileRef = 30E685AE1B41FA32003231E4 /* Images.xcassets */; };
		30E685B21B41FA32003231E4 /* LaunchScreen.xib in Resources */ = {isa = PBXBuildFile; fileRef = 30E685B01B41FA32003231E4 /* LaunchScreen.xib */; };
		30E685C81B4209E6003231E4 /* MapKit.framework in Frameworks */ = {isa = PBXBuildFile; fileRef = 30E685C71B4209E6003231E4 /* MapKit.framework */; };
/* End PBXBuildFile section */

/* Begin PBXFileReference section */
		30E685A21B41FA32003231E4 /* ShinkansenSpeed.app */ = {isa = PBXFileReference; explicitFileType = wrapper.application; includeInIndex = 0; path = ShinkansenSpeed.app; sourceTree = BUILT_PRODUCTS_DIR; };
		30E685A61B41FA32003231E4 /* Info.plist */ = {isa = PBXFileReference; lastKnownFileType = text.plist.xml; path = Info.plist; sourceTree = "<group>"; };
		30E685A71B41FA32003231E4 /* AppDelegate.swift */ = {isa = PBXFileReference; lastKnownFileType = sourcecode.swift; path = AppDelegate.swift; sourceTree = "<group>"; };
		30E685A91B41FA32003231E4 /* ViewController.swift */ = {isa = PBXFileReference; lastKnownFileType = sourcecode.swift; path = ViewController.swift; sourceTree = "<group>"; };
		30E685AC1B41FA32003231E4 /* Base */ = {isa = PBXFileReference; lastKnownFileType = file.storyboard; name = Base; path = Base.lproj/Main.storyboard; sourceTree = "<group>"; };
		30E685AE1B41FA32003231E4 /* Images.xcassets */ = {isa = PBXFileReference; lastKnownFileType = folder.assetcatalog; path = Images.xcassets; sourceTree = "<group>"; };
		30E685B11B41FA32003231E4 /* Base */ = {isa = PBXFileReference; lastKnownFileType = file.xib; name = Base; path = Base.lproj/LaunchScreen.xib; sourceTree = "<group>"; };
		30E685C71B4209E6003231E4 /* MapKit.framework */ = {isa = PBXFileReference; lastKnownFileType = wrapper.framework; name = MapKit.framework; path = System/Library/Frameworks/MapKit.framework; sourceTree = SDKROOT; };
/* End PBXFileReference section */

/* Begin PBXFrameworksBuildPhase section */
		30E6859F1B41FA32003231E4 /* Frameworks */ = {
			isa = PBXFrameworksBuildPhase;
			buildActionMask = 2147483647;
			files = (
				30E685C81B4209E6003231E4 /* MapKit.framework in Frameworks */,
			);
			runOnlyForDeploymentPostprocessing = 0;
		};
/* End PBXFrameworksBuildPhase section */

/* Begin PBXGroup section */
		30E685991B41FA32003231E4 = {
			isa = PBXGroup;
			children = (
				30E685C71B4209E6003231E4 /* MapKit.framework */,
				30E685A41B41FA32003231E4 /* ShinkansenSpeed */,
				30E685A31B41FA32003231E4 /* Products */,
			);
			sourceTree = "<group>";
		};
		30E685A31B41FA32003231E4 /* Products */ = {
			isa = PBXGroup;
			children = (
				30E685A21B41FA32003231E4 /* ShinkansenSpeed.app */,
			);
			name = Products;
			sourceTree = "<group>";
		};
		30E685A41B41FA32003231E4 /* ShinkansenSpeed */ = {
			isa = PBXGroup;
			children = (
				30E685A71B41FA32003231E4 /* AppDelegate.swift */,
				30E685A91B41FA32003231E4 /* ViewController.swift */,
				30E685AB1B41FA32003231E4 /* Main.storyboard */,
				30E685AE1B41FA32003231E4 /* Images.xcassets */,
				30E685B01B41FA32003231E4 /* LaunchScreen.xib */,
				30E685A51B41FA32003231E4 /* Supporting Files */,
			);
			path = ShinkansenSpeed;
			sourceTree = "<group>";
		};
		30E685A51B41FA32003231E4 /* Supporting Files */ = {
			isa = PBXGroup;
			children = (
				30E685A61B41FA32003231E4 /* Info.plist */,
			);
			name = "Supporting Files";
			sourceTree = "<group>";
		};
/* End PBXGroup section */

/* Begin PBXNativeTarget section */
		30E685A11B41FA32003231E4 /* ShinkansenSpeed */ = {
			isa = PBXNativeTarget;
			buildConfigurationList = 30E685C11B41FA32003231E4 /* Build configuration list for PBXNativeTarget "ShinkansenSpeed" */;
			buildPhases = (
				30E6859E1B41FA32003231E4 /* Sources */,
				30E6859F1B41FA32003231E4 /* Frameworks */,
				30E685A01B41FA32003231E4 /* Resources */,
			);
			buildRules = (
			);
			dependencies = (
			);
			name = ShinkansenSpeed;
			productName = ShinkansenSpeed;
			productReference = 30E685A21B41FA32003231E4 /* ShinkansenSpeed.app */;
			productType = "com.apple.product-type.application";
		};
/* End PBXNativeTarget section */

/* Begin PBXProject section */
		30E6859A1B41FA32003231E4 /* Project object */ = {
			isa = PBXProject;
			attributes = {
				LastSwiftUpdateCheck = 0730;
				LastUpgradeCheck = 1150;
				ORGANIZATIONNAME = "iOS Developer Zone";
				TargetAttributes = {
					30E685A11B41FA32003231E4 = {
						CreatedOnToolsVersion = 6.3.2;
						LastSwiftMigration = 1150;
						SystemCapabilities = {
							com.apple.Maps.iOS = {
								enabled = 1;
							};
						};
					};
				};
			};
			buildConfigurationList = 30E6859D1B41FA32003231E4 /* Build configuration list for PBXProject "ShinkansenSpeed" */;
			compatibilityVersion = "Xcode 3.2";
			developmentRegion = en;
			hasScannedForEncodings = 0;
			knownRegions = (
				en,
				Base,
			);
			mainGroup = 30E685991B41FA32003231E4;
			productRefGroup = 30E685A31B41FA32003231E4 /* Products */;
			projectDirPath = "";
			projectRoot = "";
			targets = (
				30E685A11B41FA32003231E4 /* ShinkansenSpeed */,
			);
		};
/* End PBXProject section */

/* Begin PBXResourcesBuildPhase section */
		30E685A01B41FA32003231E4 /* Resources */ = {
			isa = PBXResourcesBuildPhase;
			buildActionMask = 2147483647;
			files = (
				30E685AD1B41FA32003231E4 /* Main.storyboard in Resources */,
				30E685B21B41FA32003231E4 /* LaunchScreen.xib in Resources */,
				30E685AF1B41FA32003231E4 /* Images.xcassets in Resources */,
			);
			runOnlyForDeploymentPostprocessing = 0;
		};
/* End PBXResourcesBuildPhase section */

/* Begin PBXSourcesBuildPhase section */
		30E6859E1B41FA32003231E4 /* Sources */ = {
			isa = PBXSourcesBuildPhase;
			buildActionMask = 2147483647;
			files = (
				30E685AA1B41FA32003231E4 /* ViewController.swift in Sources */,
				30E685A81B41FA32003231E4 /* AppDelegate.swift in Sources */,
			);
			runOnlyForDeploymentPostprocessing = 0;
		};
/* End PBXSourcesBuildPhase section */

/* Begin PBXVariantGroup section */
		30E685AB1B41FA32003231E4 /* Main.storyboard */ = {
			isa = PBXVariantGroup;
			children = (
				30E685AC1B41FA32003231E4 /* Base */,
			);
			name = Main.storyboard;
			sourceTree = "<group>";
		};
		30E685B01B41FA32003231E4 /* LaunchScreen.xib */ = {
			isa = PBXVariantGroup;
			children = (
				30E685B11B41FA32003231E4 /* Base */,
			);
			name = LaunchScreen.xib;
			sourceTree = "<group>";
		};
/* End PBXVariantGroup section */

/* Begin XCBuildConfiguration section */
		30E685BF1B41FA32003231E4 /* Debug */ = {
			isa = XCBuildConfiguration;
			buildSettings = {
				ALWAYS_SEARCH_USER_PATHS = NO;
				CLANG_ANALYZER_LOCALIZABILITY_NONLOCALIZED = YES;
				CLANG_CXX_LANGUAGE_STANDARD = "gnu++0x";
				CLANG_CXX_LIBRARY = "libc++";
				CLANG_ENABLE_MODULES = YES;
				CLANG_ENABLE_OBJC_ARC = YES;
				CLANG_WARN_BLOCK_CAPTURE_AUTORELEASING = YES;
				CLANG_WARN_BOOL_CONVERSION = YES;
				CLANG_WARN_COMMA = YES;
				CLANG_WARN_CONSTANT_CONVERSION = YES;
				CLANG_WARN_DEPRECATED_OBJC_IMPLEMENTATIONS = YES;
				CLANG_WARN_DIRECT_OBJC_ISA_USAGE = YES_ERROR;
				CLANG_WARN_EMPTY_BODY = YES;
				CLANG_WARN_ENUM_CONVERSION = YES;
				CLANG_WARN_INFINITE_RECURSION = YES;
				CLANG_WARN_INT_CONVERSION = YES;
				CLANG_WARN_NON_LITERAL_NULL_CONVERSION = YES;
				CLANG_WARN_OBJC_IMPLICIT_RETAIN_SELF = YES;
				CLANG_WARN_OBJC_LITERAL_CONVERSION = YES;
				CLANG_WARN_OBJC_ROOT_CLASS = YES_ERROR;
				CLANG_WARN_RANGE_LOOP_ANALYSIS = YES;
				CLANG_WARN_STRICT_PROTOTYPES = YES;
				CLANG_WARN_SUSPICIOUS_MOVE = YES;
				CLANG_WARN_UNREACHABLE_CODE = YES;
				CLANG_WARN__DUPLICATE_METHOD_MATCH = YES;
				"CODE_SIGN_IDENTITY[sdk=iphoneos*]" = "iPhone Developer";
				COPY_PHASE_STRIP = NO;
				DEBUG_INFORMATION_FORMAT = "dwarf-with-dsym";
				ENABLE_STRICT_OBJC_MSGSEND = YES;
				ENABLE_TESTABILITY = YES;
				GCC_C_LANGUAGE_STANDARD = gnu99;
				GCC_DYNAMIC_NO_PIC = NO;
				GCC_NO_COMMON_BLOCKS = YES;
				GCC_OPTIMIZATION_LEVEL = 0;
				GCC_PREPROCESSOR_DEFINITIONS = (
					"DEBUG=1",
					"$(inherited)",
				);
				GCC_SYMBOLS_PRIVATE_EXTERN = NO;
				GCC_WARN_64_TO_32_BIT_CONVERSION = YES;
				GCC_WARN_ABOUT_RETURN_TYPE = YES_ERROR;
				GCC_WARN_UNDECLARED_SELECTOR = YES;
				GCC_WARN_UNINITIALIZED_AUTOS = YES_AGGRESSIVE;
				GCC_WARN_UNUSED_FUNCTION = YES;
				GCC_WARN_UNUSED_VARIABLE = YES;
				IPHONEOS_DEPLOYMENT_TARGET = 8.3;
				MTL_ENABLE_DEBUG_INFO = YES;
				ONLY_ACTIVE_ARCH = YES;
				SDKROOT = iphoneos;
				SWIFT_OPTIMIZATION_LEVEL = "-Onone";
				TARGETED_DEVICE_FAMILY = "1,2";
			};
			name = Debug;
		};
		30E685C01B41FA32003231E4 /* Release */ = {
			isa = XCBuildConfiguration;
			buildSettings = {
				ALWAYS_SEARCH_USER_PATHS = NO;
				CLANG_ANALYZER_LOCALIZABILITY_NONLOCALIZED = YES;
				CLANG_CXX_LANGUAGE_STANDARD = "gnu++0x";
				CLANG_CXX_LIBRARY = "libc++";
				CLANG_ENABLE_MODULES = YES;
				CLANG_ENABLE_OBJC_ARC = YES;
				CLANG_WARN_BLOCK_CAPTURE_AUTORELEASING = YES;
				CLANG_WARN_BOOL_CONVERSION = YES;
				CLANG_WARN_COMMA = YES;
				CLANG_WARN_CONSTANT_CONVERSION = YES;
				CLANG_WARN_DEPRECATED_OBJC_IMPLEMENTATIONS = YES;
				CLANG_WARN_DIRECT_OBJC_ISA_USAGE = YES_ERROR;
				CLANG_WARN_EMPTY_BODY = YES;
				CLANG_WARN_ENUM_CONVERSION = YES;
				CLANG_WARN_INFINITE_RECURSION = YES;
				CLANG_WARN_INT_CONVERSION = YES;
				CLANG_WARN_NON_LITERAL_NULL_CONVERSION = YES;
				CLANG_WARN_OBJC_IMPLICIT_RETAIN_SELF = YES;
				CLANG_WARN_OBJC_LITERAL_CONVERSION = YES;
				CLANG_WARN_OBJC_ROOT_CLASS = YES_ERROR;
				CLANG_WARN_RANGE_LOOP_ANALYSIS = YES;
				CLANG_WARN_STRICT_PROTOTYPES = YES;
				CLANG_WARN_SUSPICIOUS_MOVE = YES;
				CLANG_WARN_UNREACHABLE_CODE = YES;
				CLANG_WARN__DUPLICATE_METHOD_MATCH = YES;
				"CODE_SIGN_IDENTITY[sdk=iphoneos*]" = "iPhone Developer";
				COPY_PHASE_STRIP = NO;
				DEBUG_INFORMATION_FORMAT = "dwarf-with-dsym";
				ENABLE_NS_ASSERTIONS = NO;
				ENABLE_STRICT_OBJC_MSGSEND = YES;
				GCC_C_LANGUAGE_STANDARD = gnu99;
				GCC_NO_COMMON_BLOCKS = YES;
				GCC_WARN_64_TO_32_BIT_CONVERSION = YES;
				GCC_WARN_ABOUT_RETURN_TYPE = YES_ERROR;
				GCC_WARN_UNDECLARED_SELECTOR = YES;
				GCC_WARN_UNINITIALIZED_AUTOS = YES_AGGRESSIVE;
				GCC_WARN_UNUSED_FUNCTION = YES;
				GCC_WARN_UNUSED_VARIABLE = YES;
				IPHONEOS_DEPLOYMENT_TARGET = 8.3;
				MTL_ENABLE_DEBUG_INFO = NO;
				SDKROOT = iphoneos;
				SWIFT_COMPILATION_MODE = wholemodule;
				TARGETED_DEVICE_FAMILY = "1,2";
				VALIDATE_PRODUCT = YES;
			};
			name = Release;
		};
		30E685C21B41FA32003231E4 /* Debug */ = {
			isa = XCBuildConfiguration;
			buildSettings = {
				ASSETCATALOG_COMPILER_APPICON_NAME = AppIcon;
				DEVELOPMENT_TEAM = "";
				INFOPLIST_FILE = ShinkansenSpeed/Info.plist;
				LD_RUNPATH_SEARCH_PATHS = "$(inherited) @executable_path/Frameworks";
				PRODUCT_BUNDLE_IDENTIFIER = com.iosdevzone.ShinkansenSpeed;
				PRODUCT_NAME = "$(TARGET_NAME)";
				SWIFT_VERSION = 5.0;
			};
			name = Debug;
		};
		30E685C31B41FA32003231E4 /* Release */ = {
			isa = XCBuildConfiguration;
			buildSettings = {
				ASSETCATALOG_COMPILER_APPICON_NAME = AppIcon;
				DEVELOPMENT_TEAM = "";
				INFOPLIST_FILE = ShinkansenSpeed/Info.plist;
				LD_RUNPATH_SEARCH_PATHS = "$(inherited) @executable_path/Frameworks";
				PRODUCT_BUNDLE_IDENTIFIER = com.iosdevzone.ShinkansenSpeed;
				PRODUCT_NAME = "$(TARGET_NAME)";
				SWIFT_VERSION = 5.0;
			};
			name = Release;
		};
/* End XCBuildConfiguration section */

/* Begin XCConfigurationList section */
		30E6859D1B41FA32003231E4 /* Build configuration list for PBXProject "ShinkansenSpeed" */ = {
			isa = XCConfigurationList;
			buildConfigurations = (
				30E685BF1B41FA32003231E4 /* Debug */,
				30E685C01B41FA32003231E4 /* Release */,
			);
			defaultConfigurationIsVisible = 0;
			defaultConfigurationName = Release;
		};
		30E685C11B41FA32003231E4 /* Build configuration list for PBXNativeTarget "ShinkansenSpeed" */ = {
			isa = XCConfigurationList;
			buildConfigurations = (
				30E685C21B41FA32003231E4 /* Debug */,
				30E685C31B41FA32003231E4 /* Release */,
			);
			defaultConfigurationIsVisible = 0;
			defaultConfigurationName = Release;
		};
/* End XCConfigurationList section */
	};
	rootObject = 30E6859A1B41FA32003231E4 /* Project object */;
}
